
Microsoft Visual Studio Solution File, Format Version 12.00
# Visual Studio Version 16
VisualStudioVersion = 16.0.31205.134
MinimumVisualStudioVersion = 10.0.40219.1
Project("{FAE04EC0-301F-11D3-BF4B-00C04F79EFBC}") = "Moda", "Moda\Moda.csproj", "{19A37825-FC5D-45CA-AC5B-D0FE00B11818}"
EndProject
Global
	GlobalSection(SolutionConfigurationPlatforms) = preSolution
		Debug|Any CPU = Debug|Any CPU
		Release|Any CPU = Release|Any CPU
	EndGlobalSection
	GlobalSection(ProjectConfigurationPlatforms) = postSolution
		{19A37825-FC5D-45CA-AC5B-D0FE00B11818}.Debug|Any CPU.ActiveCfg = Debug|Any CPU
		{19A37825-FC5D-45CA-AC5B-D0FE00B11818}.Debug|Any CPU.Build.0 = Debug|Any CPU
		{19A37825-FC5D-45CA-AC5B-D0FE00B11818}.Release|Any CPU.ActiveCfg = Release|Any CPU
		{19A37825-FC5D-45CA-AC5B-D0FE00B11818}.Release|Any CPU.Build.0 = Release|Any CPU
	EndGlobalSection
	GlobalSection(SolutionProperties) = preSolution
		HideSolutionNode = FALSE
	EndGlobalSection
	GlobalSection(ExtensibilityGlobals) = postSolution
		SolutionGuid = {2F38A89E-8651-4E36-8BB8-66665202CB16}
	EndGlobalSection
EndGlobal
