
Microsoft Visual Studio Solution File, Format Version 12.00
# Visual Studio Version 16
VisualStudioVersion = 16.0.31205.134
MinimumVisualStudioVersion = 10.0.40219.1
Project("{FAE04EC0-301F-11D3-BF4B-00C04F79EFBC}") = "Horoscopo", "Horoscopo\Horoscopo.csproj", "{4303B940-C7D2-44FD-A253-85D07277D699}"
EndProject
Global
	GlobalSection(SolutionConfigurationPlatforms) = preSolution
		Debug|Any CPU = Debug|Any CPU
		Release|Any CPU = Release|Any CPU
	EndGlobalSection
	GlobalSection(ProjectConfigurationPlatforms) = postSolution
		{4303B940-C7D2-44FD-A253-85D07277D699}.Debug|Any CPU.ActiveCfg = Debug|Any CPU
		{4303B940-C7D2-44FD-A253-85D07277D699}.Debug|Any CPU.Build.0 = Debug|Any CPU
		{4303B940-C7D2-44FD-A253-85D07277D699}.Release|Any CPU.ActiveCfg = Release|Any CPU
		{4303B940-C7D2-44FD-A253-85D07277D699}.Release|Any CPU.Build.0 = Release|Any CPU
	EndGlobalSection
	GlobalSection(SolutionProperties) = preSolution
		HideSolutionNode = FALSE
	EndGlobalSection
	GlobalSection(ExtensibilityGlobals) = postSolution
		SolutionGuid = {F5BAB401-38E7-491C-B0A5-2162F0B80C49}
	EndGlobalSection
EndGlobal
