
Microsoft Visual Studio Solution File, Format Version 12.00
# Visual Studio Version 16
VisualStudioVersion = 16.0.31205.134
MinimumVisualStudioVersion = 10.0.40219.1
Project("{FAE04EC0-301F-11D3-BF4B-00C04F79EFBC}") = "ConsoleText", "ConsoleText\ConsoleText.csproj", "{63898B3F-4FD2-4224-A11B-349E7C7DA7FB}"
EndProject
Global
	GlobalSection(SolutionConfigurationPlatforms) = preSolution
		Debug|Any CPU = Debug|Any CPU
		Release|Any CPU = Release|Any CPU
	EndGlobalSection
	GlobalSection(ProjectConfigurationPlatforms) = postSolution
		{63898B3F-4FD2-4224-A11B-349E7C7DA7FB}.Debug|Any CPU.ActiveCfg = Debug|Any CPU
		{63898B3F-4FD2-4224-A11B-349E7C7DA7FB}.Debug|Any CPU.Build.0 = Debug|Any CPU
		{63898B3F-4FD2-4224-A11B-349E7C7DA7FB}.Release|Any CPU.ActiveCfg = Release|Any CPU
		{63898B3F-4FD2-4224-A11B-349E7C7DA7FB}.Release|Any CPU.Build.0 = Release|Any CPU
	EndGlobalSection
	GlobalSection(SolutionProperties) = preSolution
		HideSolutionNode = FALSE
	EndGlobalSection
	GlobalSection(ExtensibilityGlobals) = postSolution
		SolutionGuid = {06E596FE-D309-4D69-929C-0EC125F5455D}
	EndGlobalSection
EndGlobal
